github leroycep seizer master src/seizer.zig dcf964b5764b382f67921d6c27a3510347b71655
github zigimg zigimg master zigimg.zig bed0a8f8567477986f7862dea210034eb1a5f873
github leroycep lmdb-builder LMDB_0.8.27_builder build.zig d7e32ff0fb02950de1e94caf24b26e7ab41129ab
github leroycep zig-proto-structs master proto_structs.zig ba9f092aa040a3277ba53cc80b8b8b65acbba120
github leroycep chrono-zig master src/lib.zig fb27b45286a5589edf0c26b639c2da3ee3c6bbd7
github leroycep zigmath master math.zig 730efb3134b68b1d3b82395d980eebcb9c58eabc
github lithdew lmdb-zig master lmdb.zig 58d4f99e6e6c82725d3e1475e0994ceaf1ac70d1
github leroycep crossdb master src/main.zig 4de3ed274073f155dc0766fc5a563c7b4e58efea
