github leroycep seizer controllers src/seizer.zig e04ea455a4ad495a5ffe331c8bce7fd644291a80
github leroycep zigimg wasm src/main.zig 1f36e403e7588ddde28fec801ecdba5dd13a7e94
github leroycep zigmath master math.zig 730efb3134b68b1d3b82395d980eebcb9c58eabc
github leroycep zigimg wasm zigimg.zig 1f36e403e7588ddde28fec801ecdba5dd13a7e94
