2
git https://github.com/leroycep/seizer commit-418e5da19e82c74efd7bbacb4b2b50ba22a839e5
git https://github.com/leroycep/zigmath.git commit-b840195b765bd290058558cdc54115d93373fcd4
git https://github.com/mlarouche/zigimg.git commit-7440e18be2b3430608d3694f8e7dad21fce5cbeb
git https://github.com/leroycep/crossdb commit-6503a07a1dcde7cfa34e0f4373784e138c03ee38
git https://github.com/lithdew/lmdb-zig commit-b1169358b626bfe004aa7aee472ab4e493629279
git https://git.openldap.org/openldap/openldap tag-LMDB_0.9.29
git https://github.com/leroycep/zig-proto-structs commit-e71757d493bdda9f7b2a0bcefad5f5612cf04434
git https://github.com/leroycep/chrono-zig commit-a0fce9fc0289a83d73c33891e1b545fab0391815
