2
git https://github.com/leroycep/seizer commit-a3efd841f5e44bc18d902bdaf553d874426cc921
git https://github.com/leroycep/zigmath.git commit-b840195b765bd290058558cdc54115d93373fcd4
git https://github.com/zigimg/zigimg commit-4c0d3b7d13812ebf838936ee68a33b3fa75de9c1
git https://github.com/leroycep/crossdb commit-6503a07a1dcde7cfa34e0f4373784e138c03ee38
git https://github.com/lithdew/lmdb-zig commit-b1169358b626bfe004aa7aee472ab4e493629279
git https://git.openldap.org/openldap/openldap tag-LMDB_0.9.29
git https://github.com/leroycep/zig-proto-structs commit-e71757d493bdda9f7b2a0bcefad5f5612cf04434
git https://github.com/leroycep/chrono-zig commit-a0fce9fc0289a83d73c33891e1b545fab0391815
