2
git https://github.com/leroycep/seizer commit-296383f7214499befaec991094a4133987cf4cf9
git https://github.com/leroycep/zigmath.git commit-2f404f0af1f07f0cbdd72da58b5941aa374dfc12
git https://github.com/leecannon/zigimg.git commit-1f4ff13c7425f085d44ae2130114ae9f0fc42f9e
git https://github.com/leroycep/chrono-zig commit-7f7b1e06e868605586531c1b84e05b6749a911ef
